
Microsoft Visual Studio Solution File, Format Version 12.00
# Visual Studio Version 17
VisualStudioVersion = 17.0.32014.148
MinimumVisualStudioVersion = 10.0.40219.1
Project("{9A19103F-16F7-4668-BE54-9A1E7A4F7556}") = "JT1078.Protocol", "JT1078.Protocol\JT1078.Protocol.csproj", "{60CAC24B-7317-48BF-9DBF-7F3ECA3689A4}"
EndProject
Project("{9A19103F-16F7-4668-BE54-9A1E7A4F7556}") = "JT1078.Protocol.Test", "JT1078.Protocol.Test\JT1078.Protocol.Test.csproj", "{9ADD82F9-E0B2-4263-8573-151F673BB33F}"
EndProject
Project("{2150E333-8FDC-42A3-9474-1A3956D46DE8}") = "Tests", "Tests", "{0655AF84-E578-409F-AB0E-B47E0D2F6814}"
EndProject
Project("{9A19103F-16F7-4668-BE54-9A1E7A4F7556}") = "JT1078.Protocol.Benchmark", "JT1078.Protocol.Benchmark\JT1078.Protocol.Benchmark.csproj", "{77402142-54E5-4E64-8F9E-BCAAC2CD0E8D}"
EndProject
Project("{2150E333-8FDC-42A3-9474-1A3956D46DE8}") = "Solution Items", "Solution Items", "{E378A80C-5708-4D0C-BA1A-73EEF08957F6}"
	ProjectSection(SolutionItems) = preProject
		Info.props = Info.props
		..\README.md = ..\README.md
	EndProjectSection
EndProject
Project("{9A19103F-16F7-4668-BE54-9A1E7A4F7556}") = "JT1078.Flv", "JT1078.Flv\JT1078.Flv.csproj", "{33E54FFC-7D91-42E5-9DC1-853738AB8980}"
EndProject
Project("{9A19103F-16F7-4668-BE54-9A1E7A4F7556}") = "JT1078.Flv.Test", "JT1078.Flv.Test\JT1078.Flv.Test.csproj", "{D13FE092-1D11-4545-A322-9F06BCDAC0FD}"
EndProject
Project("{9A19103F-16F7-4668-BE54-9A1E7A4F7556}") = "JT1078.Hls", "JT1078.Hls\JT1078.Hls.csproj", "{C98AD4CE-D7F5-4F7F-BAB5-D1AD50DDF14F}"
EndProject
Project("{9A19103F-16F7-4668-BE54-9A1E7A4F7556}") = "JT1078.Hls.Test", "JT1078.Hls.Test\JT1078.Hls.Test.csproj", "{5564C20B-BFF4-4A2A-BDF2-C7427E93E993}"
EndProject
Project("{9A19103F-16F7-4668-BE54-9A1E7A4F7556}") = "JT1078.FMp4", "JT1078.FMp4\JT1078.FMp4.csproj", "{73F13894-0967-422C-8AC3-5EEF9189AAFC}"
EndProject
Project("{9A19103F-16F7-4668-BE54-9A1E7A4F7556}") = "JT1078.FMp4.Test", "JT1078.FMp4.Test\JT1078.FMp4.Test.csproj", "{56E76D56-4CCC-401F-B25D-9AB41D58A10A}"
EndProject
Project("{2150E333-8FDC-42A3-9474-1A3956D46DE8}") = "Benchmarks", "Benchmarks", "{807ADB1F-FED4-4A56-82D2-F08F1FB7C886}"
EndProject
Project("{9A19103F-16F7-4668-BE54-9A1E7A4F7556}") = "JT1078.AV.Benchmark", "JT1078.AV.Benchmark\JT1078.AV.Benchmark.csproj", "{93D6C094-5A3A-4DFA-B52B-605FDFFB6094}"
EndProject
Project("{9A19103F-16F7-4668-BE54-9A1E7A4F7556}") = "JT1078.SignalR.Test", "JT1078.SignalR.Test\JT1078.SignalR.Test.csproj", "{6A063AF3-611F-4A1C-ACCF-BF903B7C7014}"
EndProject
Global
	GlobalSection(SolutionConfigurationPlatforms) = preSolution
		Debug|Any CPU = Debug|Any CPU
		Debug|x64 = Debug|x64
		Debug|x86 = Debug|x86
		Release|Any CPU = Release|Any CPU
		Release|x64 = Release|x64
		Release|x86 = Release|x86
	EndGlobalSection
	GlobalSection(ProjectConfigurationPlatforms) = postSolution
		{60CAC24B-7317-48BF-9DBF-7F3ECA3689A4}.Debug|Any CPU.ActiveCfg = Debug|Any CPU
		{60CAC24B-7317-48BF-9DBF-7F3ECA3689A4}.Debug|Any CPU.Build.0 = Debug|Any CPU
		{60CAC24B-7317-48BF-9DBF-7F3ECA3689A4}.Debug|x64.ActiveCfg = Debug|Any CPU
		{60CAC24B-7317-48BF-9DBF-7F3ECA3689A4}.Debug|x64.Build.0 = Debug|Any CPU
		{60CAC24B-7317-48BF-9DBF-7F3ECA3689A4}.Debug|x86.ActiveCfg = Debug|Any CPU
		{60CAC24B-7317-48BF-9DBF-7F3ECA3689A4}.Debug|x86.Build.0 = Debug|Any CPU
		{60CAC24B-7317-48BF-9DBF-7F3ECA3689A4}.Release|Any CPU.ActiveCfg = Release|Any CPU
		{60CAC24B-7317-48BF-9DBF-7F3ECA3689A4}.Release|Any CPU.Build.0 = Release|Any CPU
		{60CAC24B-7317-48BF-9DBF-7F3ECA3689A4}.Release|x64.ActiveCfg = Release|Any CPU
		{60CAC24B-7317-48BF-9DBF-7F3ECA3689A4}.Release|x64.Build.0 = Release|Any CPU
		{60CAC24B-7317-48BF-9DBF-7F3ECA3689A4}.Release|x86.ActiveCfg = Release|Any CPU
		{60CAC24B-7317-48BF-9DBF-7F3ECA3689A4}.Release|x86.Build.0 = Release|Any CPU
		{9ADD82F9-E0B2-4263-8573-151F673BB33F}.Debug|Any CPU.ActiveCfg = Debug|Any CPU
		{9ADD82F9-E0B2-4263-8573-151F673BB33F}.Debug|Any CPU.Build.0 = Debug|Any CPU
		{9ADD82F9-E0B2-4263-8573-151F673BB33F}.Debug|x64.ActiveCfg = Debug|Any CPU
		{9ADD82F9-E0B2-4263-8573-151F673BB33F}.Debug|x64.Build.0 = Debug|Any CPU
		{9ADD82F9-E0B2-4263-8573-151F673BB33F}.Debug|x86.ActiveCfg = Debug|Any CPU
		{9ADD82F9-E0B2-4263-8573-151F673BB33F}.Debug|x86.Build.0 = Debug|Any CPU
		{9ADD82F9-E0B2-4263-8573-151F673BB33F}.Release|Any CPU.ActiveCfg = Release|Any CPU
		{9ADD82F9-E0B2-4263-8573-151F673BB33F}.Release|Any CPU.Build.0 = Release|Any CPU
		{9ADD82F9-E0B2-4263-8573-151F673BB33F}.Release|x64.ActiveCfg = Release|Any CPU
		{9ADD82F9-E0B2-4263-8573-151F673BB33F}.Release|x64.Build.0 = Release|Any CPU
		{9ADD82F9-E0B2-4263-8573-151F673BB33F}.Release|x86.ActiveCfg = Release|Any CPU
		{9ADD82F9-E0B2-4263-8573-151F673BB33F}.Release|x86.Build.0 = Release|Any CPU
		{77402142-54E5-4E64-8F9E-BCAAC2CD0E8D}.Debug|Any CPU.ActiveCfg = Debug|Any CPU
		{77402142-54E5-4E64-8F9E-BCAAC2CD0E8D}.Debug|Any CPU.Build.0 = Debug|Any CPU
		{77402142-54E5-4E64-8F9E-BCAAC2CD0E8D}.Debug|x64.ActiveCfg = Debug|Any CPU
		{77402142-54E5-4E64-8F9E-BCAAC2CD0E8D}.Debug|x64.Build.0 = Debug|Any CPU
		{77402142-54E5-4E64-8F9E-BCAAC2CD0E8D}.Debug|x86.ActiveCfg = Debug|Any CPU
		{77402142-54E5-4E64-8F9E-BCAAC2CD0E8D}.Debug|x86.Build.0 = Debug|Any CPU
		{77402142-54E5-4E64-8F9E-BCAAC2CD0E8D}.Release|Any CPU.ActiveCfg = Release|Any CPU
		{77402142-54E5-4E64-8F9E-BCAAC2CD0E8D}.Release|Any CPU.Build.0 = Release|Any CPU
		{77402142-54E5-4E64-8F9E-BCAAC2CD0E8D}.Release|x64.ActiveCfg = Release|Any CPU
		{77402142-54E5-4E64-8F9E-BCAAC2CD0E8D}.Release|x64.Build.0 = Release|Any CPU
		{77402142-54E5-4E64-8F9E-BCAAC2CD0E8D}.Release|x86.ActiveCfg = Release|Any CPU
		{77402142-54E5-4E64-8F9E-BCAAC2CD0E8D}.Release|x86.Build.0 = Release|Any CPU
		{33E54FFC-7D91-42E5-9DC1-853738AB8980}.Debug|Any CPU.ActiveCfg = Debug|Any CPU
		{33E54FFC-7D91-42E5-9DC1-853738AB8980}.Debug|Any CPU.Build.0 = Debug|Any CPU
		{33E54FFC-7D91-42E5-9DC1-853738AB8980}.Debug|x64.ActiveCfg = Debug|Any CPU
		{33E54FFC-7D91-42E5-9DC1-853738AB8980}.Debug|x64.Build.0 = Debug|Any CPU
		{33E54FFC-7D91-42E5-9DC1-853738AB8980}.Debug|x86.ActiveCfg = Debug|Any CPU
		{33E54FFC-7D91-42E5-9DC1-853738AB8980}.Debug|x86.Build.0 = Debug|Any CPU
		{33E54FFC-7D91-42E5-9DC1-853738AB8980}.Release|Any CPU.ActiveCfg = Release|Any CPU
		{33E54FFC-7D91-42E5-9DC1-853738AB8980}.Release|Any CPU.Build.0 = Release|Any CPU
		{33E54FFC-7D91-42E5-9DC1-853738AB8980}.Release|x64.ActiveCfg = Release|Any CPU
		{33E54FFC-7D91-42E5-9DC1-853738AB8980}.Release|x64.Build.0 = Release|Any CPU
		{33E54FFC-7D91-42E5-9DC1-853738AB8980}.Release|x86.ActiveCfg = Release|Any CPU
		{33E54FFC-7D91-42E5-9DC1-853738AB8980}.Release|x86.Build.0 = Release|Any CPU
		{D13FE092-1D11-4545-A322-9F06BCDAC0FD}.Debug|Any CPU.ActiveCfg = Debug|Any CPU
		{D13FE092-1D11-4545-A322-9F06BCDAC0FD}.Debug|Any CPU.Build.0 = Debug|Any CPU
		{D13FE092-1D11-4545-A322-9F06BCDAC0FD}.Debug|x64.ActiveCfg = Debug|Any CPU
		{D13FE092-1D11-4545-A322-9F06BCDAC0FD}.Debug|x64.Build.0 = Debug|Any CPU
		{D13FE092-1D11-4545-A322-9F06BCDAC0FD}.Debug|x86.ActiveCfg = Debug|Any CPU
		{D13FE092-1D11-4545-A322-9F06BCDAC0FD}.Debug|x86.Build.0 = Debug|Any CPU
		{D13FE092-1D11-4545-A322-9F06BCDAC0FD}.Release|Any CPU.ActiveCfg = Release|Any CPU
		{D13FE092-1D11-4545-A322-9F06BCDAC0FD}.Release|Any CPU.Build.0 = Release|Any CPU
		{D13FE092-1D11-4545-A322-9F06BCDAC0FD}.Release|x64.ActiveCfg = Release|Any CPU
		{D13FE092-1D11-4545-A322-9F06BCDAC0FD}.Release|x64.Build.0 = Release|Any CPU
		{D13FE092-1D11-4545-A322-9F06BCDAC0FD}.Release|x86.ActiveCfg = Release|Any CPU
		{D13FE092-1D11-4545-A322-9F06BCDAC0FD}.Release|x86.Build.0 = Release|Any CPU
		{C98AD4CE-D7F5-4F7F-BAB5-D1AD50DDF14F}.Debug|Any CPU.ActiveCfg = Debug|Any CPU
		{C98AD4CE-D7F5-4F7F-BAB5-D1AD50DDF14F}.Debug|Any CPU.Build.0 = Debug|Any CPU
		{C98AD4CE-D7F5-4F7F-BAB5-D1AD50DDF14F}.Debug|x64.ActiveCfg = Debug|Any CPU
		{C98AD4CE-D7F5-4F7F-BAB5-D1AD50DDF14F}.Debug|x64.Build.0 = Debug|Any CPU
		{C98AD4CE-D7F5-4F7F-BAB5-D1AD50DDF14F}.Debug|x86.ActiveCfg = Debug|Any CPU
		{C98AD4CE-D7F5-4F7F-BAB5-D1AD50DDF14F}.Debug|x86.Build.0 = Debug|Any CPU
		{C98AD4CE-D7F5-4F7F-BAB5-D1AD50DDF14F}.Release|Any CPU.ActiveCfg = Release|Any CPU
		{C98AD4CE-D7F5-4F7F-BAB5-D1AD50DDF14F}.Release|Any CPU.Build.0 = Release|Any CPU
		{C98AD4CE-D7F5-4F7F-BAB5-D1AD50DDF14F}.Release|x64.ActiveCfg = Release|Any CPU
		{C98AD4CE-D7F5-4F7F-BAB5-D1AD50DDF14F}.Release|x64.Build.0 = Release|Any CPU
		{C98AD4CE-D7F5-4F7F-BAB5-D1AD50DDF14F}.Release|x86.ActiveCfg = Release|Any CPU
		{C98AD4CE-D7F5-4F7F-BAB5-D1AD50DDF14F}.Release|x86.Build.0 = Release|Any CPU
		{5564C20B-BFF4-4A2A-BDF2-C7427E93E993}.Debug|Any CPU.ActiveCfg = Debug|Any CPU
		{5564C20B-BFF4-4A2A-BDF2-C7427E93E993}.Debug|Any CPU.Build.0 = Debug|Any CPU
		{5564C20B-BFF4-4A2A-BDF2-C7427E93E993}.Debug|x64.ActiveCfg = Debug|Any CPU
		{5564C20B-BFF4-4A2A-BDF2-C7427E93E993}.Debug|x64.Build.0 = Debug|Any CPU
		{5564C20B-BFF4-4A2A-BDF2-C7427E93E993}.Debug|x86.ActiveCfg = Debug|Any CPU
		{5564C20B-BFF4-4A2A-BDF2-C7427E93E993}.Debug|x86.Build.0 = Debug|Any CPU
		{5564C20B-BFF4-4A2A-BDF2-C7427E93E993}.Release|Any CPU.ActiveCfg = Release|Any CPU
		{5564C20B-BFF4-4A2A-BDF2-C7427E93E993}.Release|Any CPU.Build.0 = Release|Any CPU
		{5564C20B-BFF4-4A2A-BDF2-C7427E93E993}.Release|x64.ActiveCfg = Release|Any CPU
		{5564C20B-BFF4-4A2A-BDF2-C7427E93E993}.Release|x64.Build.0 = Release|Any CPU
		{5564C20B-BFF4-4A2A-BDF2-C7427E93E993}.Release|x86.ActiveCfg = Release|Any CPU
		{5564C20B-BFF4-4A2A-BDF2-C7427E93E993}.Release|x86.Build.0 = Release|Any CPU
		{73F13894-0967-422C-8AC3-5EEF9189AAFC}.Debug|Any CPU.ActiveCfg = Debug|Any CPU
		{73F13894-0967-422C-8AC3-5EEF9189AAFC}.Debug|Any CPU.Build.0 = Debug|Any CPU
		{73F13894-0967-422C-8AC3-5EEF9189AAFC}.Debug|x64.ActiveCfg = Debug|Any CPU
		{73F13894-0967-422C-8AC3-5EEF9189AAFC}.Debug|x64.Build.0 = Debug|Any CPU
		{73F13894-0967-422C-8AC3-5EEF9189AAFC}.Debug|x86.ActiveCfg = Debug|Any CPU
		{73F13894-0967-422C-8AC3-5EEF9189AAFC}.Debug|x86.Build.0 = Debug|Any CPU
		{73F13894-0967-422C-8AC3-5EEF9189AAFC}.Release|Any CPU.ActiveCfg = Release|Any CPU
		{73F13894-0967-422C-8AC3-5EEF9189AAFC}.Release|Any CPU.Build.0 = Release|Any CPU
		{73F13894-0967-422C-8AC3-5EEF9189AAFC}.Release|x64.ActiveCfg = Release|Any CPU
		{73F13894-0967-422C-8AC3-5EEF9189AAFC}.Release|x64.Build.0 = Release|Any CPU
		{73F13894-0967-422C-8AC3-5EEF9189AAFC}.Release|x86.ActiveCfg = Release|Any CPU
		{73F13894-0967-422C-8AC3-5EEF9189AAFC}.Release|x86.Build.0 = Release|Any CPU
		{56E76D56-4CCC-401F-B25D-9AB41D58A10A}.Debug|Any CPU.ActiveCfg = Debug|Any CPU
		{56E76D56-4CCC-401F-B25D-9AB41D58A10A}.Debug|Any CPU.Build.0 = Debug|Any CPU
		{56E76D56-4CCC-401F-B25D-9AB41D58A10A}.Debug|x64.ActiveCfg = Debug|Any CPU
		{56E76D56-4CCC-401F-B25D-9AB41D58A10A}.Debug|x64.Build.0 = Debug|Any CPU
		{56E76D56-4CCC-401F-B25D-9AB41D58A10A}.Debug|x86.ActiveCfg = Debug|Any CPU
		{56E76D56-4CCC-401F-B25D-9AB41D58A10A}.Debug|x86.Build.0 = Debug|Any CPU
		{56E76D56-4CCC-401F-B25D-9AB41D58A10A}.Release|Any CPU.ActiveCfg = Release|Any CPU
		{56E76D56-4CCC-401F-B25D-9AB41D58A10A}.Release|Any CPU.Build.0 = Release|Any CPU
		{56E76D56-4CCC-401F-B25D-9AB41D58A10A}.Release|x64.ActiveCfg = Release|Any CPU
		{56E76D56-4CCC-401F-B25D-9AB41D58A10A}.Release|x64.Build.0 = Release|Any CPU
		{56E76D56-4CCC-401F-B25D-9AB41D58A10A}.Release|x86.ActiveCfg = Release|Any CPU
		{56E76D56-4CCC-401F-B25D-9AB41D58A10A}.Release|x86.Build.0 = Release|Any CPU
		{93D6C094-5A3A-4DFA-B52B-605FDFFB6094}.Debug|Any CPU.ActiveCfg = Debug|Any CPU
		{93D6C094-5A3A-4DFA-B52B-605FDFFB6094}.Debug|Any CPU.Build.0 = Debug|Any CPU
		{93D6C094-5A3A-4DFA-B52B-605FDFFB6094}.Debug|x64.ActiveCfg = Debug|Any CPU
		{93D6C094-5A3A-4DFA-B52B-605FDFFB6094}.Debug|x64.Build.0 = Debug|Any CPU
		{93D6C094-5A3A-4DFA-B52B-605FDFFB6094}.Debug|x86.ActiveCfg = Debug|Any CPU
		{93D6C094-5A3A-4DFA-B52B-605FDFFB6094}.Debug|x86.Build.0 = Debug|Any CPU
		{93D6C094-5A3A-4DFA-B52B-605FDFFB6094}.Release|Any CPU.ActiveCfg = Release|Any CPU
		{93D6C094-5A3A-4DFA-B52B-605FDFFB6094}.Release|Any CPU.Build.0 = Release|Any CPU
		{93D6C094-5A3A-4DFA-B52B-605FDFFB6094}.Release|x64.ActiveCfg = Release|Any CPU
		{93D6C094-5A3A-4DFA-B52B-605FDFFB6094}.Release|x64.Build.0 = Release|Any CPU
		{93D6C094-5A3A-4DFA-B52B-605FDFFB6094}.Release|x86.ActiveCfg = Release|Any CPU
		{93D6C094-5A3A-4DFA-B52B-605FDFFB6094}.Release|x86.Build.0 = Release|Any CPU
		{6A063AF3-611F-4A1C-ACCF-BF903B7C7014}.Debug|Any CPU.ActiveCfg = Debug|Any CPU
		{6A063AF3-611F-4A1C-ACCF-BF903B7C7014}.Debug|Any CPU.Build.0 = Debug|Any CPU
		{6A063AF3-611F-4A1C-ACCF-BF903B7C7014}.Debug|x64.ActiveCfg = Debug|Any CPU
		{6A063AF3-611F-4A1C-ACCF-BF903B7C7014}.Debug|x64.Build.0 = Debug|Any CPU
		{6A063AF3-611F-4A1C-ACCF-BF903B7C7014}.Debug|x86.ActiveCfg = Debug|Any CPU
		{6A063AF3-611F-4A1C-ACCF-BF903B7C7014}.Debug|x86.Build.0 = Debug|Any CPU
		{6A063AF3-611F-4A1C-ACCF-BF903B7C7014}.Release|Any CPU.ActiveCfg = Release|Any CPU
		{6A063AF3-611F-4A1C-ACCF-BF903B7C7014}.Release|Any CPU.Build.0 = Release|Any CPU
		{6A063AF3-611F-4A1C-ACCF-BF903B7C7014}.Release|x64.ActiveCfg = Release|Any CPU
		{6A063AF3-611F-4A1C-ACCF-BF903B7C7014}.Release|x64.Build.0 = Release|Any CPU
		{6A063AF3-611F-4A1C-ACCF-BF903B7C7014}.Release|x86.ActiveCfg = Release|Any CPU
		{6A063AF3-611F-4A1C-ACCF-BF903B7C7014}.Release|x86.Build.0 = Release|Any CPU
	EndGlobalSection
	GlobalSection(SolutionProperties) = preSolution
		HideSolutionNode = FALSE
	EndGlobalSection
	GlobalSection(NestedProjects) = preSolution
		{9ADD82F9-E0B2-4263-8573-151F673BB33F} = {0655AF84-E578-409F-AB0E-B47E0D2F6814}
		{77402142-54E5-4E64-8F9E-BCAAC2CD0E8D} = {807ADB1F-FED4-4A56-82D2-F08F1FB7C886}
		{D13FE092-1D11-4545-A322-9F06BCDAC0FD} = {0655AF84-E578-409F-AB0E-B47E0D2F6814}
		{5564C20B-BFF4-4A2A-BDF2-C7427E93E993} = {0655AF84-E578-409F-AB0E-B47E0D2F6814}
		{56E76D56-4CCC-401F-B25D-9AB41D58A10A} = {0655AF84-E578-409F-AB0E-B47E0D2F6814}
		{93D6C094-5A3A-4DFA-B52B-605FDFFB6094} = {807ADB1F-FED4-4A56-82D2-F08F1FB7C886}
		{6A063AF3-611F-4A1C-ACCF-BF903B7C7014} = {0655AF84-E578-409F-AB0E-B47E0D2F6814}
	EndGlobalSection
	GlobalSection(ExtensibilityGlobals) = postSolution
		SolutionGuid = {FAE1656D-226F-4B4B-8C33-615D7E632B26}
	EndGlobalSection
EndGlobal
